<?xml version="1.0" encoding="utf-8"?>
<Project ToolsVersion="4.0" xmlns="http://schemas.microsoft.com/developer/msbuild/2003">
  <ItemGroup>
    <ClCompile Include="GroundTile.cpp">
      <Filter>SourceFiles</Filter>
    </ClCompile>
    <ClCompile Include="PlantTile.cpp">
      <Filter>SourceFiles</Filter>
    </ClCompile>
    <ClCompile Include="Source.cpp">
      <Filter>SourceFiles</Filter>
    </ClCompile>
    <ClCompile Include="SpriteUtils.cpp">
      <Filter>SourceFiles</Filter>
    </ClCompile>
  </ItemGroup>
  <ItemGroup>
    <ClInclude Include="GroundTile.h">
      <Filter>Header Files</Filter>
    </ClInclude>
    <ClInclude Include="PlantTile.h">
      <Filter>Header Files</Filter>
    </ClInclude>
    <ClInclude Include="SpriteUtils.h">
      <Filter>Header Files</Filter>
    </ClInclude>
  </ItemGroup>
  <ItemGroup>
    <Filter Include="Header Files">
      <UniqueIdentifier>{150fae14-5b56-4257-8000-aaff889de40b}</UniqueIdentifier>
    </Filter>
    <Filter Include="SourceFiles">
      <UniqueIdentifier>{69552571-0c05-483c-bac4-4e6caafc4ed8}</UniqueIdentifier>
    </Filter>
  </ItemGroup>
</Project>